Microsoft Visual Studio Solution File, Format Version 12.00
# Visual Studio Version 17
VisualStudioVersion = 17.5.2.0
MinimumVisualStudioVersion = 10.0.40219.1
Project("{2150E333-8FDC-42A3-9474-1A3956D46DE8}") = "Backend", "Backend", "{1AE8ACA6-933B-BF2A-3671-3E2EAC007D16}"
EndProject
Project("{FAE04EC0-301F-11D3-BF4B-00C04F79EFBC}") = "Programmering", "Backend\Programmering\Programmering.csproj", "{59C7645D-4BF1-285A-6795-417D4B03EABF}"
EndProject
Global
	GlobalSection(SolutionConfigurationPlatforms) = preSolution
		Debug|Any CPU = Debug|Any CPU
		Release|Any CPU = Release|Any CPU
	EndGlobalSection
	GlobalSection(ProjectConfigurationPlatforms) = postSolution
		{59C7645D-4BF1-285A-6795-417D4B03EABF}.Debug|Any CPU.ActiveCfg = Debug|Any CPU
		{59C7645D-4BF1-285A-6795-417D4B03EABF}.Debug|Any CPU.Build.0 = Debug|Any CPU
		{59C7645D-4BF1-285A-6795-417D4B03EABF}.Release|Any CPU.ActiveCfg = Release|Any CPU
		{59C7645D-4BF1-285A-6795-417D4B03EABF}.Release|Any CPU.Build.0 = Release|Any CPU
	EndGlobalSection
	GlobalSection(SolutionProperties) = preSolution
		HideSolutionNode = FALSE
	EndGlobalSection
	GlobalSection(NestedProjects) = preSolution
		{59C7645D-4BF1-285A-6795-417D4B03EABF} = {1AE8ACA6-933B-BF2A-3671-3E2EAC007D16}
	EndGlobalSection
	GlobalSection(ExtensibilityGlobals) = postSolution
		SolutionGuid = {28998A8A-6DCA-497C-AFFB-A12FE460339D}
	EndGlobalSection
EndGlobal
